{
  "nodes": {
    "flakeNimbleLib": {
      "inputs": {
        "nixpkgs": [
          "nixpkgs"
        ]
      },
      "locked": {
        "lastModified": 1662018438,
        "narHash": "sha256-QtNtU6+LX3Wokxf0zlFwKTFOcn6TeDjKQZ+DA9OYtvM=",
        "owner": "riinr",
        "repo": "nim-flakes-lib",
        "rev": "b1fe8340736e3a85d25c709ac3dfd82a55c03cbf",
        "type": "github"
      },
      "original": {
        "owner": "riinr",
        "ref": "master",
        "repo": "nim-flakes-lib",
        "type": "github"
      }
    },
    "nixpkgs": {
      "locked": {
        "lastModified": 1667085676,
        "narHash": "sha256-jPHYYoSdrV3ypWG4oi9SUeI2MU6dLjxM88+9io5Rrx0=",
        "owner": "NixOS",
        "repo": "nixpkgs",
        "rev": "e6e6bad81b7e11f37d893ef39712ce8918ae2338",
        "type": "github"
      },
      "original": {
        "id": "nixpkgs",
        "type": "indirect"
      }
    },
    "root": {
      "inputs": {
        "flakeNimbleLib": "flakeNimbleLib",
        "nixpkgs": "nixpkgs",
        "src-nwatchdog-master": "src-nwatchdog-master"
      }
    },
    "src-nwatchdog-master": {
      "flake": false,
      "locked": {
        "lastModified": 1645636199,
        "narHash": "sha256-izsC2VIRoZnNWYE4p4SUadguZxOMXg2h8IPB/V6lr6I=",
        "owner": "zendbit",
        "repo": "nim.nwatchdog",
        "rev": "0e6e7caf1d30d707e42443aca48f5872398472ed",
        "type": "github"
      },
      "original": {
        "owner": "zendbit",
        "ref": "refs/heads/master",
        "repo": "nim.nwatchdog",
        "type": "github"
      }
    }
  },
  "root": "root",
  "version": 7
}
